
Microsoft Visual Studio Solution File, Format Version 12.00
# Visual Studio Version 17
VisualStudioVersion = 17.8.34316.72
MinimumVisualStudioVersion = 10.0.40219.1
Project("{FAE04EC0-301F-11D3-BF4B-00C04F79EFBC}") = "GOMPPDMLoader", "GOMPPDMLoader\GOMPPDMLoader.csproj", "{4165F7FF-589A-4278-B37F-CF214233CCB6}"
EndProject
Project("{FAE04EC0-301F-11D3-BF4B-00C04F79EFBC}") = "GOMPPDMLoaderLibrary", "GOMPPDMLoaderLibrary\GOMPPDMLoaderLibrary.csproj", "{8F02C893-1231-4DF7-8902-FE81D80885A9}"
EndProject
Global
	GlobalSection(SolutionConfigurationPlatforms) = preSolution
		Debug|Any CPU = Debug|Any CPU
		Release|Any CPU = Release|Any CPU
	EndGlobalSection
	GlobalSection(ProjectConfigurationPlatforms) = postSolution
		{4165F7FF-589A-4278-B37F-CF214233CCB6}.Debug|Any CPU.ActiveCfg = Debug|Any CPU
		{4165F7FF-589A-4278-B37F-CF214233CCB6}.Debug|Any CPU.Build.0 = Debug|Any CPU
		{4165F7FF-589A-4278-B37F-CF214233CCB6}.Release|Any CPU.ActiveCfg = Release|Any CPU
		{4165F7FF-589A-4278-B37F-CF214233CCB6}.Release|Any CPU.Build.0 = Release|Any CPU
		{8F02C893-1231-4DF7-8902-FE81D80885A9}.Debug|Any CPU.ActiveCfg = Debug|Any CPU
		{8F02C893-1231-4DF7-8902-FE81D80885A9}.Debug|Any CPU.Build.0 = Debug|Any CPU
		{8F02C893-1231-4DF7-8902-FE81D80885A9}.Release|Any CPU.ActiveCfg = Release|Any CPU
		{8F02C893-1231-4DF7-8902-FE81D80885A9}.Release|Any CPU.Build.0 = Release|Any CPU
	EndGlobalSection
	GlobalSection(SolutionProperties) = preSolution
		HideSolutionNode = FALSE
	EndGlobalSection
	GlobalSection(ExtensibilityGlobals) = postSolution
		SolutionGuid = {C0C9074D-6AB9-4170-88EA-F82FC3AB55CD}
	EndGlobalSection
EndGlobal
